
Microsoft Visual Studio Solution File, Format Version 12.00
# Visual Studio 15
VisualStudioVersion = 15.0.28307.421
MinimumVisualStudioVersion = 10.0.40219.1
Project("{FAE04EC0-301F-11D3-BF4B-00C04F79EFBC}") = "FilterLibrary", "FilterLibrary\FilterLibrary.csproj", "{D0512F32-3118-4F4D-8A4A-8E0E2D03C749}"
EndProject
Global
	GlobalSection(SolutionConfigurationPlatforms) = preSolution
		Debug|Any CPU = Debug|Any CPU
		Release|Any CPU = Release|Any CPU
	EndGlobalSection
	GlobalSection(ProjectConfigurationPlatforms) = postSolution
		{D0512F32-3118-4F4D-8A4A-8E0E2D03C749}.Debug|Any CPU.ActiveCfg = Debug|Any CPU
		{D0512F32-3118-4F4D-8A4A-8E0E2D03C749}.Debug|Any CPU.Build.0 = Debug|Any CPU
		{D0512F32-3118-4F4D-8A4A-8E0E2D03C749}.Release|Any CPU.ActiveCfg = Release|Any CPU
		{D0512F32-3118-4F4D-8A4A-8E0E2D03C749}.Release|Any CPU.Build.0 = Release|Any CPU
	EndGlobalSection
	GlobalSection(SolutionProperties) = preSolution
		HideSolutionNode = FALSE
	EndGlobalSection
	GlobalSection(ExtensibilityGlobals) = postSolution
		SolutionGuid = {60F16F3C-5B5E-4734-848B-B1896931D4BE}
	EndGlobalSection
EndGlobal
